
Microsoft Visual Studio Solution File, Format Version 12.00
# Visual Studio Version 17
VisualStudioVersion = 17.0.32014.148
MinimumVisualStudioVersion = 10.0.40219.1
Project("{FAE04EC0-301F-11D3-BF4B-00C04F79EFBC}") = "AppLista03_matheus", "AppLista03_matheus.csproj", "{32EFEF48-86A6-4288-8BD3-E88D215AEC20}"
EndProject
Global
	GlobalSection(SolutionConfigurationPlatforms) = preSolution
		Debug|Any CPU = Debug|Any CPU
		Release|Any CPU = Release|Any CPU
	EndGlobalSection
	GlobalSection(ProjectConfigurationPlatforms) = postSolution
		{32EFEF48-86A6-4288-8BD3-E88D215AEC20}.Debug|Any CPU.ActiveCfg = Debug|Any CPU
		{32EFEF48-86A6-4288-8BD3-E88D215AEC20}.Debug|Any CPU.Build.0 = Debug|Any CPU
		{32EFEF48-86A6-4288-8BD3-E88D215AEC20}.Release|Any CPU.ActiveCfg = Release|Any CPU
		{32EFEF48-86A6-4288-8BD3-E88D215AEC20}.Release|Any CPU.Build.0 = Release|Any CPU
	EndGlobalSection
	GlobalSection(SolutionProperties) = preSolution
		HideSolutionNode = FALSE
	EndGlobalSection
	GlobalSection(ExtensibilityGlobals) = postSolution
		SolutionGuid = {C4533A3C-3DFC-4139-AD89-225C1D49CA6A}
	EndGlobalSection
EndGlobal
