
Microsoft Visual Studio Solution File, Format Version 12.00
# Visual Studio Version 17
VisualStudioVersion = 17.0.32014.148
MinimumVisualStudioVersion = 10.0.40219.1
Project("{FAE04EC0-301F-11D3-BF4B-00C04F79EFBC}") = "Exercíciodedecisão", "Exercíciodedecisão.csproj", "{6099EE15-B546-4DF0-9E19-425E1E7D1EC4}"
EndProject
Global
	GlobalSection(SolutionConfigurationPlatforms) = preSolution
		Debug|Any CPU = Debug|Any CPU
		Release|Any CPU = Release|Any CPU
	EndGlobalSection
	GlobalSection(ProjectConfigurationPlatforms) = postSolution
		{6099EE15-B546-4DF0-9E19-425E1E7D1EC4}.Debug|Any CPU.ActiveCfg = Debug|Any CPU
		{6099EE15-B546-4DF0-9E19-425E1E7D1EC4}.Debug|Any CPU.Build.0 = Debug|Any CPU
		{6099EE15-B546-4DF0-9E19-425E1E7D1EC4}.Release|Any CPU.ActiveCfg = Release|Any CPU
		{6099EE15-B546-4DF0-9E19-425E1E7D1EC4}.Release|Any CPU.Build.0 = Release|Any CPU
	EndGlobalSection
	GlobalSection(SolutionProperties) = preSolution
		HideSolutionNode = FALSE
	EndGlobalSection
	GlobalSection(ExtensibilityGlobals) = postSolution
		SolutionGuid = {5CB6BC9A-12D6-4B3A-8173-C04F8A55595F}
	EndGlobalSection
EndGlobal
